// !$*UTF8*$!
{
	archiveVersion = 1;
	classes = {
	};
	objectVersion = 50;
	objects = {

/* Begin PBXBuildFile section */
		AB2BBFBB22B4EA54005DA523 /* SourcesList.swift in Sources */ = {isa = PBXBuildFile; fileRef = AB2BBFBA22B4EA54005DA523 /* SourcesList.swift */; };
		AB69876A22B56AC600FAEAC3 /* TabView.swift in Sources */ = {isa = PBXBuildFile; fileRef = AB69876922B56AC600FAEAC3 /* TabView.swift */; };
		AB69876C22B570EC00FAEAC3 /* SearchForSourcesList.swift in Sources */ = {isa = PBXBuildFile; fileRef = AB69876B22B570EC00FAEAC3 /* SearchForSourcesList.swift */; };
		AB9001A322B4E084002C45C6 /* AppDelegate.swift in Sources */ = {isa = PBXBuildFile; fileRef = AB9001A222B4E084002C45C6 /* AppDelegate.swift */; };
		AB9001A522B4E084002C45C6 /* SceneDelegate.swift in Sources */ = {isa = PBXBuildFile; fileRef = AB9001A422B4E084002C45C6 /* SceneDelegate.swift */; };
		AB9001A922B4E087002C45C6 /* Assets.xcassets in Resources */ = {isa = PBXBuildFile; fileRef = AB9001A822B4E087002C45C6 /* Assets.xcassets */; };
		AB9001AC22B4E087002C45C6 /* Preview Assets.xcassets in Resources */ = {isa = PBXBuildFile; fileRef = AB9001AB22B4E087002C45C6 /* Preview Assets.xcassets */; };
		AB9001AF22B4E087002C45C6 /* LaunchScreen.storyboard in Resources */ = {isa = PBXBuildFile; fileRef = AB9001AD22B4E087002C45C6 /* LaunchScreen.storyboard */; };
		ABBECF7A22B60E1200EF13F3 /* OverView.swift in Sources */ = {isa = PBXBuildFile; fileRef = ABBECF7922B60E1200EF13F3 /* OverView.swift */; };
		ABBECF7C22B60EAB00EF13F3 /* TopHeadlines.swift in Sources */ = {isa = PBXBuildFile; fileRef = ABBECF7B22B60EAB00EF13F3 /* TopHeadlines.swift */; };
		ABBECF7E22B60F2300EF13F3 /* TopHeadlineRow.swift in Sources */ = {isa = PBXBuildFile; fileRef = ABBECF7D22B60F2300EF13F3 /* TopHeadlineRow.swift */; };
		ABBECF8022B616AB00EF13F3 /* ArticlesFromCategory.swift in Sources */ = {isa = PBXBuildFile; fileRef = ABBECF7F22B616AB00EF13F3 /* ArticlesFromCategory.swift */; };
		ABBECF8222B6249600EF13F3 /* String+Extension.swift in Sources */ = {isa = PBXBuildFile; fileRef = ABBECF8122B6249600EF13F3 /* String+Extension.swift */; };
		ABBECF8A22B626C500EF13F3 /* SourceRow.swift in Sources */ = {isa = PBXBuildFile; fileRef = ABBECF8922B626C500EF13F3 /* SourceRow.swift */; };
		ABBECF9022B6272800EF13F3 /* ArticleView.swift in Sources */ = {isa = PBXBuildFile; fileRef = ABBECF8F22B6272800EF13F3 /* ArticleView.swift */; };
		ABC9DF6E22B4ECB200734270 /* NewsList.swift in Sources */ = {isa = PBXBuildFile; fileRef = ABC9DF6D22B4ECB200734270 /* NewsList.swift */; };
		ABE13DA922B628D3005CA99D /* APIProvider.swift in Sources */ = {isa = PBXBuildFile; fileRef = ABBECF8522B6269100EF13F3 /* APIProvider.swift */; };
		ABE13DAA22B628D5005CA99D /* DTO.swift in Sources */ = {isa = PBXBuildFile; fileRef = ABBECF8622B6269300EF13F3 /* DTO.swift */; };
		ABF65BBC22B4F23F00B032A0 /* ArticleRow.swift in Sources */ = {isa = PBXBuildFile; fileRef = ABF65BBB22B4F23F00B032A0 /* ArticleRow.swift */; };
/* End PBXBuildFile section */

/* Begin PBXFileReference section */
		AB2BBFBA22B4EA54005DA523 /* SourcesList.swift */ = {isa = PBXFileReference; lastKnownFileType = sourcecode.swift; path = SourcesList.swift; sourceTree = "<group>"; };
		AB69876922B56AC600FAEAC3 /* TabView.swift */ = {isa = PBXFileReference; lastKnownFileType = sourcecode.swift; path = TabView.swift; sourceTree = "<group>"; };
		AB69876B22B570EC00FAEAC3 /* SearchForSourcesList.swift */ = {isa = PBXFileReference; lastKnownFileType = sourcecode.swift; path = SearchForSourcesList.swift; sourceTree = "<group>"; };
		AB90019F22B4E084002C45C6 /* NewsApp With SwiftUI Framework.app */ = {isa = PBXFileReference; explicitFileType = wrapper.application; includeInIndex = 0; path = "NewsApp With SwiftUI Framework.app"; sourceTree = BUILT_PRODUCTS_DIR; };
		AB9001A222B4E084002C45C6 /* AppDelegate.swift */ = {isa = PBXFileReference; lastKnownFileType = sourcecode.swift; path = AppDelegate.swift; sourceTree = "<group>"; };
		AB9001A422B4E084002C45C6 /* SceneDelegate.swift */ = {isa = PBXFileReference; lastKnownFileType = sourcecode.swift; path = SceneDelegate.swift; sourceTree = "<group>"; };
		AB9001A822B4E087002C45C6 /* Assets.xcassets */ = {isa = PBXFileReference; lastKnownFileType = folder.assetcatalog; path = Assets.xcassets; sourceTree = "<group>"; };
		AB9001AB22B4E087002C45C6 /* Preview Assets.xcassets */ = {isa = PBXFileReference; lastKnownFileType = folder.assetcatalog; path = "Preview Assets.xcassets"; sourceTree = "<group>"; };
		AB9001AE22B4E087002C45C6 /* Base */ = {isa = PBXFileReference; lastKnownFileType = file.storyboard; name = Base; path = Base.lproj/LaunchScreen.storyboard; sourceTree = "<group>"; };
		AB9001B022B4E087002C45C6 /* Info.plist */ = {isa = PBXFileReference; lastKnownFileType = text.plist.xml; path = Info.plist; sourceTree = "<group>"; };
		ABBECF7922B60E1200EF13F3 /* OverView.swift */ = {isa = PBXFileReference; lastKnownFileType = sourcecode.swift; path = OverView.swift; sourceTree = "<group>"; };
		ABBECF7B22B60EAB00EF13F3 /* TopHeadlines.swift */ = {isa = PBXFileReference; lastKnownFileType = sourcecode.swift; path = TopHeadlines.swift; sourceTree = "<group>"; };
		ABBECF7D22B60F2300EF13F3 /* TopHeadlineRow.swift */ = {isa = PBXFileReference; lastKnownFileType = sourcecode.swift; path = TopHeadlineRow.swift; sourceTree = "<group>"; };
		ABBECF7F22B616AB00EF13F3 /* ArticlesFromCategory.swift */ = {isa = PBXFileReference; lastKnownFileType = sourcecode.swift; path = ArticlesFromCategory.swift; sourceTree = "<group>"; };
		ABBECF8122B6249600EF13F3 /* String+Extension.swift */ = {isa = PBXFileReference; lastKnownFileType = sourcecode.swift; path = "String+Extension.swift"; sourceTree = "<group>"; };
		ABBECF8522B6269100EF13F3 /* APIProvider.swift */ = {isa = PBXFileReference; lastKnownFileType = sourcecode.swift; path = APIProvider.swift; sourceTree = "<group>"; };
		ABBECF8622B6269300EF13F3 /* DTO.swift */ = {isa = PBXFileReference; lastKnownFileType = sourcecode.swift; path = DTO.swift; sourceTree = "<group>"; };
		ABBECF8922B626C500EF13F3 /* SourceRow.swift */ = {isa = PBXFileReference; lastKnownFileType = sourcecode.swift; path = SourceRow.swift; sourceTree = "<group>"; };
		ABBECF8F22B6272800EF13F3 /* ArticleView.swift */ = {isa = PBXFileReference; lastKnownFileType = sourcecode.swift; path = ArticleView.swift; sourceTree = "<group>"; };
		ABC9DF6D22B4ECB200734270 /* NewsList.swift */ = {isa = PBXFileReference; lastKnownFileType = sourcecode.swift; path = NewsList.swift; sourceTree = "<group>"; };
		ABF65BBB22B4F23F00B032A0 /* ArticleRow.swift */ = {isa = PBXFileReference; lastKnownFileType = sourcecode.swift; path = ArticleRow.swift; sourceTree = "<group>"; };
/* End PBXFileReference section */

/* Begin PBXFrameworksBuildPhase section */
		AB90019C22B4E084002C45C6 /* Frameworks */ = {
			isa = PBXFrameworksBuildPhase;
			buildActionMask = 2147483647;
			files = (
			);
			runOnlyForDeploymentPostprocessing = 0;
		};
/* End PBXFrameworksBuildPhase section */

/* Begin PBXGroup section */
		AB90019622B4E084002C45C6 = {
			isa = PBXGroup;
			children = (
				AB9001A122B4E084002C45C6 /* NewsApp With SwiftUI Framework */,
				AB9001A022B4E084002C45C6 /* Products */,
			);
			sourceTree = "<group>";
		};
		AB9001A022B4E084002C45C6 /* Products */ = {
			isa = PBXGroup;
			children = (
				AB90019F22B4E084002C45C6 /* NewsApp With SwiftUI Framework.app */,
			);
			name = Products;
			sourceTree = "<group>";
		};
		AB9001A122B4E084002C45C6 /* NewsApp With SwiftUI Framework */ = {
			isa = PBXGroup;
			children = (
				ABBECF8422B6268C00EF13F3 /* API */,
				ABBECF8E22B626FB00EF13F3 /* Tools */,
				ABBECF8322B6268500EF13F3 /* UI */,
				AB9001A222B4E084002C45C6 /* AppDelegate.swift */,
				AB9001A422B4E084002C45C6 /* SceneDelegate.swift */,
				AB9001A822B4E087002C45C6 /* Assets.xcassets */,
				AB9001AD22B4E087002C45C6 /* LaunchScreen.storyboard */,
				AB9001B022B4E087002C45C6 /* Info.plist */,
				AB9001AA22B4E087002C45C6 /* Preview Content */,
			);
			path = "NewsApp With SwiftUI Framework";
			sourceTree = "<group>";
		};
		AB9001AA22B4E087002C45C6 /* Preview Content */ = {
			isa = PBXGroup;
			children = (
				AB9001AB22B4E087002C45C6 /* Preview Assets.xcassets */,
			);
			path = "Preview Content";
			sourceTree = "<group>";
		};
		ABBECF8322B6268500EF13F3 /* UI */ = {
			isa = PBXGroup;
			children = (
				ABBECF8B22B626D400EF13F3 /* Search */,
				ABBECF8822B626BA00EF13F3 /* Sources */,
				ABBECF8722B626A300EF13F3 /* OverView */,
				AB69876922B56AC600FAEAC3 /* TabView.swift */,
				ABBECF8F22B6272800EF13F3 /* ArticleView.swift */,
			);
			path = UI;
			sourceTree = "<group>";
		};
		ABBECF8422B6268C00EF13F3 /* API */ = {
			isa = PBXGroup;
			children = (
				ABBECF8522B6269100EF13F3 /* APIProvider.swift */,
				ABBECF8622B6269300EF13F3 /* DTO.swift */,
			);
			path = API;
			sourceTree = "<group>";
		};
		ABBECF8722B626A300EF13F3 /* OverView */ = {
			isa = PBXGroup;
			children = (
				ABBECF7922B60E1200EF13F3 /* OverView.swift */,
				ABBECF7B22B60EAB00EF13F3 /* TopHeadlines.swift */,
				ABBECF7D22B60F2300EF13F3 /* TopHeadlineRow.swift */,
				ABBECF7F22B616AB00EF13F3 /* ArticlesFromCategory.swift */,
			);
			path = OverView;
			sourceTree = "<group>";
		};
		ABBECF8822B626BA00EF13F3 /* Sources */ = {
			isa = PBXGroup;
			children = (
				ABF65BBB22B4F23F00B032A0 /* ArticleRow.swift */,
				ABC9DF6D22B4ECB200734270 /* NewsList.swift */,
				AB2BBFBA22B4EA54005DA523 /* SourcesList.swift */,
				ABBECF8922B626C500EF13F3 /* SourceRow.swift */,
			);
			path = Sources;
			sourceTree = "<group>";
		};
		ABBECF8B22B626D400EF13F3 /* Search */ = {
			isa = PBXGroup;
			children = (
				AB69876B22B570EC00FAEAC3 /* SearchForSourcesList.swift */,
			);
			path = Search;
			sourceTree = "<group>";
		};
		ABBECF8E22B626FB00EF13F3 /* Tools */ = {
			isa = PBXGroup;
			children = (
				ABBECF8122B6249600EF13F3 /* String+Extension.swift */,
			);
			path = Tools;
			sourceTree = "<group>";
		};
/* End PBXGroup section */

/* Begin PBXNativeTarget section */
		AB90019E22B4E084002C45C6 /* NewsApp With SwiftUI Framework */ = {
			isa = PBXNativeTarget;
			buildConfigurationList = AB9001B322B4E087002C45C6 /* Build configuration list for PBXNativeTarget "NewsApp With SwiftUI Framework" */;
			buildPhases = (
				AB90019B22B4E084002C45C6 /* Sources */,
				AB90019C22B4E084002C45C6 /* Frameworks */,
				AB90019D22B4E084002C45C6 /* Resources */,
			);
			buildRules = (
			);
			dependencies = (
			);
			name = "NewsApp With SwiftUI Framework";
			productName = "NewsApp With SwiftUI Framework";
			productReference = AB90019F22B4E084002C45C6 /* NewsApp With SwiftUI Framework.app */;
			productType = "com.apple.product-type.application";
		};
/* End PBXNativeTarget section */

/* Begin PBXProject section */
		AB90019722B4E084002C45C6 /* Project object */ = {
			isa = PBXProject;
			attributes = {
				LastSwiftUpdateCheck = 1100;
				LastUpgradeCheck = 1100;
				ORGANIZATIONNAME = "Алексей Воронов";
				TargetAttributes = {
					AB90019E22B4E084002C45C6 = {
						CreatedOnToolsVersion = 11.0;
					};
				};
			};
			buildConfigurationList = AB90019A22B4E084002C45C6 /* Build configuration list for PBXProject "NewsApp With SwiftUI Framework" */;
			compatibilityVersion = "Xcode 9.3";
			developmentRegion = en;
			hasScannedForEncodings = 0;
			knownRegions = (
				en,
				Base,
			);
			mainGroup = AB90019622B4E084002C45C6;
			productRefGroup = AB9001A022B4E084002C45C6 /* Products */;
			projectDirPath = "";
			projectRoot = "";
			targets = (
				AB90019E22B4E084002C45C6 /* NewsApp With SwiftUI Framework */,
			);
		};
/* End PBXProject section */

/* Begin PBXResourcesBuildPhase section */
		AB90019D22B4E084002C45C6 /* Resources */ = {
			isa = PBXResourcesBuildPhase;
			buildActionMask = 2147483647;
			files = (
				AB9001AF22B4E087002C45C6 /* LaunchScreen.storyboard in Resources */,
				AB9001AC22B4E087002C45C6 /* Preview Assets.xcassets in Resources */,
				AB9001A922B4E087002C45C6 /* Assets.xcassets in Resources */,
			);
			runOnlyForDeploymentPostprocessing = 0;
		};
/* End PBXResourcesBuildPhase section */

/* Begin PBXSourcesBuildPhase section */
		AB90019B22B4E084002C45C6 /* Sources */ = {
			isa = PBXSourcesBuildPhase;
			buildActionMask = 2147483647;
			files = (
				AB9001A322B4E084002C45C6 /* AppDelegate.swift in Sources */,
				ABC9DF6E22B4ECB200734270 /* NewsList.swift in Sources */,
				ABE13DAA22B628D5005CA99D /* DTO.swift in Sources */,
				ABBECF8A22B626C500EF13F3 /* SourceRow.swift in Sources */,
				ABE13DA922B628D3005CA99D /* APIProvider.swift in Sources */,
				AB2BBFBB22B4EA54005DA523 /* SourcesList.swift in Sources */,
				ABBECF8022B616AB00EF13F3 /* ArticlesFromCategory.swift in Sources */,
				ABBECF7C22B60EAB00EF13F3 /* TopHeadlines.swift in Sources */,
				AB9001A522B4E084002C45C6 /* SceneDelegate.swift in Sources */,
				AB69876A22B56AC600FAEAC3 /* TabView.swift in Sources */,
				AB69876C22B570EC00FAEAC3 /* SearchForSourcesList.swift in Sources */,
				ABBECF9022B6272800EF13F3 /* ArticleView.swift in Sources */,
				ABBECF7E22B60F2300EF13F3 /* TopHeadlineRow.swift in Sources */,
				ABBECF7A22B60E1200EF13F3 /* OverView.swift in Sources */,
				ABBECF8222B6249600EF13F3 /* String+Extension.swift in Sources */,
				ABF65BBC22B4F23F00B032A0 /* ArticleRow.swift in Sources */,
			);
			runOnlyForDeploymentPostprocessing = 0;
		};
/* End PBXSourcesBuildPhase section */

/* Begin PBXVariantGroup section */
		AB9001AD22B4E087002C45C6 /* LaunchScreen.storyboard */ = {
			isa = PBXVariantGroup;
			children = (
				AB9001AE22B4E087002C45C6 /* Base */,
			);
			name = LaunchScreen.storyboard;
			sourceTree = "<group>";
		};
/* End PBXVariantGroup section */

/* Begin XCBuildConfiguration section */
		AB9001B122B4E087002C45C6 /* Debug */ = {
			isa = XCBuildConfiguration;
			buildSettings = {
				ALWAYS_SEARCH_USER_PATHS = NO;
				CLANG_ANALYZER_NONNULL = YES;
				CLANG_ANALYZER_NUMBER_OBJECT_CONVERSION = YES_AGGRESSIVE;
				CLANG_CXX_LANGUAGE_STANDARD = "gnu++14";
				CLANG_CXX_LIBRARY = "libc++";
				CLANG_ENABLE_MODULES = YES;
				CLANG_ENABLE_OBJC_ARC = YES;
				CLANG_ENABLE_OBJC_WEAK = YES;
				CLANG_WARN_BLOCK_CAPTURE_AUTORELEASING = YES;
				CLANG_WARN_BOOL_CONVERSION = YES;
				CLANG_WARN_COMMA = YES;
				CLANG_WARN_CONSTANT_CONVERSION = YES;
				CLANG_WARN_DEPRECATED_OBJC_IMPLEMENTATIONS = YES;
				CLANG_WARN_DIRECT_OBJC_ISA_USAGE = YES_ERROR;
				CLANG_WARN_DOCUMENTATION_COMMENTS = YES;
				CLANG_WARN_EMPTY_BODY = YES;
				CLANG_WARN_ENUM_CONVERSION = YES;
				CLANG_WARN_INFINITE_RECURSION = YES;
				CLANG_WARN_INT_CONVERSION = YES;
				CLANG_WARN_NON_LITERAL_NULL_CONVERSION = YES;
				CLANG_WARN_OBJC_IMPLICIT_RETAIN_SELF = YES;
				CLANG_WARN_OBJC_LITERAL_CONVERSION = YES;
				CLANG_WARN_OBJC_ROOT_CLASS = YES_ERROR;
				CLANG_WARN_RANGE_LOOP_ANALYSIS = YES;
				CLANG_WARN_STRICT_PROTOTYPES = YES;
				CLANG_WARN_SUSPICIOUS_MOVE = YES;
				CLANG_WARN_UNGUARDED_AVAILABILITY = YES_AGGRESSIVE;
				CLANG_WARN_UNREACHABLE_CODE = YES;
				CLANG_WARN__DUPLICATE_METHOD_MATCH = YES;
				COPY_PHASE_STRIP = NO;
				DEBUG_INFORMATION_FORMAT = dwarf;
				ENABLE_STRICT_OBJC_MSGSEND = YES;
				ENABLE_TESTABILITY = YES;
				GCC_C_LANGUAGE_STANDARD = gnu11;
				GCC_DYNAMIC_NO_PIC = NO;
				GCC_NO_COMMON_BLOCKS = YES;
				GCC_OPTIMIZATION_LEVEL = 0;
				GCC_PREPROCESSOR_DEFINITIONS = (
					"DEBUG=1",
					"$(inherited)",
				);
				GCC_WARN_64_TO_32_BIT_CONVERSION = YES;
				GCC_WARN_ABOUT_RETURN_TYPE = YES_ERROR;
				GCC_WARN_UNDECLARED_SELECTOR = YES;
				GCC_WARN_UNINITIALIZED_AUTOS = YES_AGGRESSIVE;
				GCC_WARN_UNUSED_FUNCTION = YES;
				GCC_WARN_UNUSED_VARIABLE = YES;
				IPHONEOS_DEPLOYMENT_TARGET = 13.0;
				MTL_ENABLE_DEBUG_INFO = INCLUDE_SOURCE;
				MTL_FAST_MATH = YES;
				ONLY_ACTIVE_ARCH = YES;
				SDKROOT = iphoneos;
				SWIFT_ACTIVE_COMPILATION_CONDITIONS = DEBUG;
				SWIFT_OPTIMIZATION_LEVEL = "-Onone";
			};
			name = Debug;
		};
		AB9001B222B4E087002C45C6 /* Release */ = {
			isa = XCBuildConfiguration;
			buildSettings = {
				ALWAYS_SEARCH_USER_PATHS = NO;
				CLANG_ANALYZER_NONNULL = YES;
				CLANG_ANALYZER_NUMBER_OBJECT_CONVERSION = YES_AGGRESSIVE;
				CLANG_CXX_LANGUAGE_STANDARD = "gnu++14";
				CLANG_CXX_LIBRARY = "libc++";
				CLANG_ENABLE_MODULES = YES;
				CLANG_ENABLE_OBJC_ARC = YES;
				CLANG_ENABLE_OBJC_WEAK = YES;
				CLANG_WARN_BLOCK_CAPTURE_AUTORELEASING = YES;
				CLANG_WARN_BOOL_CONVERSION = YES;
				CLANG_WARN_COMMA = YES;
				CLANG_WARN_CONSTANT_CONVERSION = YES;
				CLANG_WARN_DEPRECATED_OBJC_IMPLEMENTATIONS = YES;
				CLANG_WARN_DIRECT_OBJC_ISA_USAGE = YES_ERROR;
				CLANG_WARN_DOCUMENTATION_COMMENTS = YES;
				CLANG_WARN_EMPTY_BODY = YES;
				CLANG_WARN_ENUM_CONVERSION = YES;
				CLANG_WARN_INFINITE_RECURSION = YES;
				CLANG_WARN_INT_CONVERSION = YES;
				CLANG_WARN_NON_LITERAL_NULL_CONVERSION = YES;
				CLANG_WARN_OBJC_IMPLICIT_RETAIN_SELF = YES;
				CLANG_WARN_OBJC_LITERAL_CONVERSION = YES;
				CLANG_WARN_OBJC_ROOT_CLASS = YES_ERROR;
				CLANG_WARN_RANGE_LOOP_ANALYSIS = YES;
				CLANG_WARN_STRICT_PROTOTYPES = YES;
				CLANG_WARN_SUSPICIOUS_MOVE = YES;
				CLANG_WARN_UNGUARDED_AVAILABILITY = YES_AGGRESSIVE;
				CLANG_WARN_UNREACHABLE_CODE = YES;
				CLANG_WARN__DUPLICATE_METHOD_MATCH = YES;
				COPY_PHASE_STRIP = NO;
				DEBUG_INFORMATION_FORMAT = "dwarf-with-dsym";
				ENABLE_NS_ASSERTIONS = NO;
				ENABLE_STRICT_OBJC_MSGSEND = YES;
				GCC_C_LANGUAGE_STANDARD = gnu11;
				GCC_NO_COMMON_BLOCKS = YES;
				GCC_WARN_64_TO_32_BIT_CONVERSION = YES;
				GCC_WARN_ABOUT_RETURN_TYPE = YES_ERROR;
				GCC_WARN_UNDECLARED_SELECTOR = YES;
				GCC_WARN_UNINITIALIZED_AUTOS = YES_AGGRESSIVE;
				GCC_WARN_UNUSED_FUNCTION = YES;
				GCC_WARN_UNUSED_VARIABLE = YES;
				IPHONEOS_DEPLOYMENT_TARGET = 13.0;
				MTL_ENABLE_DEBUG_INFO = NO;
				MTL_FAST_MATH = YES;
				SDKROOT = iphoneos;
				SWIFT_COMPILATION_MODE = wholemodule;
				SWIFT_OPTIMIZATION_LEVEL = "-O";
				VALIDATE_PRODUCT = YES;
			};
			name = Release;
		};
		AB9001B422B4E087002C45C6 /* Debug */ = {
			isa = XCBuildConfiguration;
			buildSettings = {
				ASSETCATALOG_COMPILER_APPICON_NAME = AppIcon;
				CODE_SIGN_STYLE = Automatic;
				DEVELOPMENT_ASSET_PATHS = "\"NewsApp With SwiftUI Framework\"/Preview\\ Content";
				DEVELOPMENT_TEAM = N8AX386RTP;
				ENABLE_PREVIEWS = YES;
				INFOPLIST_FILE = "NewsApp With SwiftUI Framework/Info.plist";
				LD_RUNPATH_SEARCH_PATHS = (
					"$(inherited)",
					"@executable_path/Frameworks",
				);
				PRODUCT_BUNDLE_IDENTIFIER = "AlexeyVoronov.NewsApp-With-SwiftUI-Framework";
				PRODUCT_NAME = "$(TARGET_NAME)";
				SWIFT_VERSION = 5.0;
				TARGETED_DEVICE_FAMILY = "1,2";
			};
			name = Debug;
		};
		AB9001B522B4E087002C45C6 /* Release */ = {
			isa = XCBuildConfiguration;
			buildSettings = {
				ASSETCATALOG_COMPILER_APPICON_NAME = AppIcon;
				CODE_SIGN_STYLE = Automatic;
				DEVELOPMENT_ASSET_PATHS = "\"NewsApp With SwiftUI Framework\"/Preview\\ Content";
				DEVELOPMENT_TEAM = N8AX386RTP;
				ENABLE_PREVIEWS = YES;
				INFOPLIST_FILE = "NewsApp With SwiftUI Framework/Info.plist";
				LD_RUNPATH_SEARCH_PATHS = (
					"$(inherited)",
					"@executable_path/Frameworks",
				);
				PRODUCT_BUNDLE_IDENTIFIER = "AlexeyVoronov.NewsApp-With-SwiftUI-Framework";
				PRODUCT_NAME = "$(TARGET_NAME)";
				SWIFT_VERSION = 5.0;
				TARGETED_DEVICE_FAMILY = "1,2";
			};
			name = Release;
		};
/* End XCBuildConfiguration section */

/* Begin XCConfigurationList section */
		AB90019A22B4E084002C45C6 /* Build configuration list for PBXProject "NewsApp With SwiftUI Framework" */ = {
			isa = XCConfigurationList;
			buildConfigurations = (
				AB9001B122B4E087002C45C6 /* Debug */,
				AB9001B222B4E087002C45C6 /* Release */,
			);
			defaultConfigurationIsVisible = 0;
			defaultConfigurationName = Release;
		};
		AB9001B322B4E087002C45C6 /* Build configuration list for PBXNativeTarget "NewsApp With SwiftUI Framework" */ = {
			isa = XCConfigurationList;
			buildConfigurations = (
				AB9001B422B4E087002C45C6 /* Debug */,
				AB9001B522B4E087002C45C6 /* Release */,
			);
			defaultConfigurationIsVisible = 0;
			defaultConfigurationName = Release;
		};
/* End XCConfigurationList section */
	};
	rootObject = AB90019722B4E084002C45C6 /* Project object */;
}
