{
  "object": {
    "pins": [
      {
        "package": "Kingfisher",
        "repositoryURL": "https://github.com/onevcat/Kingfisher.git",
        "state": {
          "branch": null,
          "revision": "ea84ff22e8c6da676354b162476aad0efd013d7d",
          "version": "5.8.1"
        }
      }
    ]
  },
  "version": 1
}
